
Microsoft Visual Studio Solution File, Format Version 12.00
# Visual Studio Version 16
VisualStudioVersion = 16.0.31727.386
MinimumVisualStudioVersion = 10.0.40219.1
Project("{FAE04EC0-301F-11D3-BF4B-00C04F79EFBC}") = "SEproject", "SEproject.csproj", "{54155F4F-7E35-40AB-BE8F-5C38B70185CA}"
EndProject
Global
	GlobalSection(SolutionConfigurationPlatforms) = preSolution
		Debug|Any CPU = Debug|Any CPU
		Release|Any CPU = Release|Any CPU
	EndGlobalSection
	GlobalSection(ProjectConfigurationPlatforms) = postSolution
		{54155F4F-7E35-40AB-BE8F-5C38B70185CA}.Debug|Any CPU.ActiveCfg = Debug|Any CPU
		{54155F4F-7E35-40AB-BE8F-5C38B70185CA}.Debug|Any CPU.Build.0 = Debug|Any CPU
		{54155F4F-7E35-40AB-BE8F-5C38B70185CA}.Release|Any CPU.ActiveCfg = Release|Any CPU
		{54155F4F-7E35-40AB-BE8F-5C38B70185CA}.Release|Any CPU.Build.0 = Release|Any CPU
	EndGlobalSection
	GlobalSection(SolutionProperties) = preSolution
		HideSolutionNode = FALSE
	EndGlobalSection
	GlobalSection(ExtensibilityGlobals) = postSolution
		SolutionGuid = {4C96EBDC-0D65-47A6-91B8-4011937A7B36}
	EndGlobalSection
EndGlobal
